
Microsoft Visual Studio Solution File, Format Version 12.00
# Visual Studio Version 17
VisualStudioVersion = 17.0.32014.148
MinimumVisualStudioVersion = 10.0.40219.1
Project("{2150E333-8FDC-42A3-9474-1A3956D46DE8}") = "modules", "modules", "{9CE989FE-ADF8-48C8-8C77-AA7BA676948B}"
EndProject
Project("{2150E333-8FDC-42A3-9474-1A3956D46DE8}") = "AuthApp", "AuthApp", "{6A0B33D1-F7CF-4756-AC35-6D1A61966778}"
EndProject
Project("{9A19103F-16F7-4668-BE54-9A1E7A4F7556}") = "Web", "AuthApp\Web\Web.csproj", "{098DDE62-9E74-4C17-9035-487A536860D7}"
EndProject
Project("{9A19103F-16F7-4668-BE54-9A1E7A4F7556}") = "Access", "AuthApp\Access\Access.csproj", "{F65E744F-6FEE-4D0D-B205-44E1C97CE71B}"
EndProject
Project("{9A19103F-16F7-4668-BE54-9A1E7A4F7556}") = "Data.Common.Contracts", "modules\Data-Common-Contracts-Net-Core\Data.Common.Contracts\Data.Common.Contracts.csproj", "{171EC4D3-5AC2-4F84-A4F2-5CD7E2B3CF55}"
EndProject
Project("{9A19103F-16F7-4668-BE54-9A1E7A4F7556}") = "Data.Sql", "modules\Sql-Data-Access-Tool-Wrapper-Net-Core\Data.Sql\Data.Sql.csproj", "{495A2931-869D-4518-B6EA-A3990D74E7A8}"
EndProject
Project("{9A19103F-16F7-4668-BE54-9A1E7A4F7556}") = "Infrastructure.Data", "AuthApp\Infrastructure.Data\Infrastructure.Data.csproj", "{596F1B3C-95B7-4D91-893E-E5B98CB3EADF}"
EndProject
Project("{9A19103F-16F7-4668-BE54-9A1E7A4F7556}") = "Application", "AuthApp\Application\Application.csproj", "{30A6E142-044C-4AB1-80AD-873BC3FC20DC}"
EndProject
Project("{2150E333-8FDC-42A3-9474-1A3956D46DE8}") = "Solution Items", "Solution Items", "{A9419F63-90F4-4F27-96F5-590ED018B5FD}"
	ProjectSection(SolutionItems) = preProject
		UserAccessManagementDb Creation.sql = UserAccessManagementDb Creation.sql
	EndProjectSection
EndProject
Global
	GlobalSection(SolutionConfigurationPlatforms) = preSolution
		Debug|Any CPU = Debug|Any CPU
		Release|Any CPU = Release|Any CPU
	EndGlobalSection
	GlobalSection(ProjectConfigurationPlatforms) = postSolution
		{098DDE62-9E74-4C17-9035-487A536860D7}.Debug|Any CPU.ActiveCfg = Debug|Any CPU
		{098DDE62-9E74-4C17-9035-487A536860D7}.Debug|Any CPU.Build.0 = Debug|Any CPU
		{098DDE62-9E74-4C17-9035-487A536860D7}.Release|Any CPU.ActiveCfg = Release|Any CPU
		{098DDE62-9E74-4C17-9035-487A536860D7}.Release|Any CPU.Build.0 = Release|Any CPU
		{F65E744F-6FEE-4D0D-B205-44E1C97CE71B}.Debug|Any CPU.ActiveCfg = Debug|Any CPU
		{F65E744F-6FEE-4D0D-B205-44E1C97CE71B}.Debug|Any CPU.Build.0 = Debug|Any CPU
		{F65E744F-6FEE-4D0D-B205-44E1C97CE71B}.Release|Any CPU.ActiveCfg = Release|Any CPU
		{F65E744F-6FEE-4D0D-B205-44E1C97CE71B}.Release|Any CPU.Build.0 = Release|Any CPU
		{171EC4D3-5AC2-4F84-A4F2-5CD7E2B3CF55}.Debug|Any CPU.ActiveCfg = Debug|Any CPU
		{171EC4D3-5AC2-4F84-A4F2-5CD7E2B3CF55}.Debug|Any CPU.Build.0 = Debug|Any CPU
		{171EC4D3-5AC2-4F84-A4F2-5CD7E2B3CF55}.Release|Any CPU.ActiveCfg = Release|Any CPU
		{171EC4D3-5AC2-4F84-A4F2-5CD7E2B3CF55}.Release|Any CPU.Build.0 = Release|Any CPU
		{495A2931-869D-4518-B6EA-A3990D74E7A8}.Debug|Any CPU.ActiveCfg = Debug|Any CPU
		{495A2931-869D-4518-B6EA-A3990D74E7A8}.Debug|Any CPU.Build.0 = Debug|Any CPU
		{495A2931-869D-4518-B6EA-A3990D74E7A8}.Release|Any CPU.ActiveCfg = Release|Any CPU
		{495A2931-869D-4518-B6EA-A3990D74E7A8}.Release|Any CPU.Build.0 = Release|Any CPU
		{596F1B3C-95B7-4D91-893E-E5B98CB3EADF}.Debug|Any CPU.ActiveCfg = Debug|Any CPU
		{596F1B3C-95B7-4D91-893E-E5B98CB3EADF}.Debug|Any CPU.Build.0 = Debug|Any CPU
		{596F1B3C-95B7-4D91-893E-E5B98CB3EADF}.Release|Any CPU.ActiveCfg = Release|Any CPU
		{596F1B3C-95B7-4D91-893E-E5B98CB3EADF}.Release|Any CPU.Build.0 = Release|Any CPU
		{30A6E142-044C-4AB1-80AD-873BC3FC20DC}.Debug|Any CPU.ActiveCfg = Debug|Any CPU
		{30A6E142-044C-4AB1-80AD-873BC3FC20DC}.Debug|Any CPU.Build.0 = Debug|Any CPU
		{30A6E142-044C-4AB1-80AD-873BC3FC20DC}.Release|Any CPU.ActiveCfg = Release|Any CPU
		{30A6E142-044C-4AB1-80AD-873BC3FC20DC}.Release|Any CPU.Build.0 = Release|Any CPU
	EndGlobalSection
	GlobalSection(SolutionProperties) = preSolution
		HideSolutionNode = FALSE
	EndGlobalSection
	GlobalSection(NestedProjects) = preSolution
		{098DDE62-9E74-4C17-9035-487A536860D7} = {6A0B33D1-F7CF-4756-AC35-6D1A61966778}
		{F65E744F-6FEE-4D0D-B205-44E1C97CE71B} = {6A0B33D1-F7CF-4756-AC35-6D1A61966778}
		{171EC4D3-5AC2-4F84-A4F2-5CD7E2B3CF55} = {9CE989FE-ADF8-48C8-8C77-AA7BA676948B}
		{495A2931-869D-4518-B6EA-A3990D74E7A8} = {9CE989FE-ADF8-48C8-8C77-AA7BA676948B}
		{596F1B3C-95B7-4D91-893E-E5B98CB3EADF} = {6A0B33D1-F7CF-4756-AC35-6D1A61966778}
		{30A6E142-044C-4AB1-80AD-873BC3FC20DC} = {6A0B33D1-F7CF-4756-AC35-6D1A61966778}
	EndGlobalSection
	GlobalSection(ExtensibilityGlobals) = postSolution
		SolutionGuid = {362615EA-31E1-4983-9952-104E5BC4E96F}
	EndGlobalSection
EndGlobal
